{
  "name": "test",
  "version": "1.0.0",
  "lockfileVersion": 1,
  "requires": true,
  "dependencies": {
    "test-private-pkg": {
      "version": "git+ssh://git@bitbucket.org/yhagio/test-private-pkg.git#63863b2042a2c01003a2d25d18e672d248c5429c",
      "from": "git+ssh://git@bitbucket.org/yhagio/test-private-pkg.git#master"
    }
  }
}
